
Microsoft Visual Studio Solution File, Format Version 12.00
# Visual Studio Version 17
VisualStudioVersion = 17.6.33829.357
MinimumVisualStudioVersion = 10.0.40219.1
Project("{FAE04EC0-301F-11D3-BF4B-00C04F79EFBC}") = "questão-6prova", "questão-6prova\questão-6prova.csproj", "{927C3FAC-A39D-46FD-AE0B-0FEEAC01C632}"
EndProject
Global
	GlobalSection(SolutionConfigurationPlatforms) = preSolution
		Debug|Any CPU = Debug|Any CPU
		Release|Any CPU = Release|Any CPU
	EndGlobalSection
	GlobalSection(ProjectConfigurationPlatforms) = postSolution
		{927C3FAC-A39D-46FD-AE0B-0FEEAC01C632}.Debug|Any CPU.ActiveCfg = Debug|Any CPU
		{927C3FAC-A39D-46FD-AE0B-0FEEAC01C632}.Debug|Any CPU.Build.0 = Debug|Any CPU
		{927C3FAC-A39D-46FD-AE0B-0FEEAC01C632}.Release|Any CPU.ActiveCfg = Release|Any CPU
		{927C3FAC-A39D-46FD-AE0B-0FEEAC01C632}.Release|Any CPU.Build.0 = Release|Any CPU
	EndGlobalSection
	GlobalSection(SolutionProperties) = preSolution
		HideSolutionNode = FALSE
	EndGlobalSection
	GlobalSection(ExtensibilityGlobals) = postSolution
		SolutionGuid = {B21CB189-1CBE-46C2-9CC7-7FF31FB22D4C}
	EndGlobalSection
EndGlobal
