
Microsoft Visual Studio Solution File, Format Version 12.00
# Visual Studio Version 17
VisualStudioVersion = 17.6.33829.357
MinimumVisualStudioVersion = 10.0.40219.1
Project("{FAE04EC0-301F-11D3-BF4B-00C04F79EFBC}") = "prova-questão-7", "prova-questão-7\prova-questão-7.csproj", "{DC6F9624-384D-4615-9902-26BBDB016622}"
EndProject
Global
	GlobalSection(SolutionConfigurationPlatforms) = preSolution
		Debug|Any CPU = Debug|Any CPU
		Release|Any CPU = Release|Any CPU
	EndGlobalSection
	GlobalSection(ProjectConfigurationPlatforms) = postSolution
		{DC6F9624-384D-4615-9902-26BBDB016622}.Debug|Any CPU.ActiveCfg = Debug|Any CPU
		{DC6F9624-384D-4615-9902-26BBDB016622}.Debug|Any CPU.Build.0 = Debug|Any CPU
		{DC6F9624-384D-4615-9902-26BBDB016622}.Release|Any CPU.ActiveCfg = Release|Any CPU
		{DC6F9624-384D-4615-9902-26BBDB016622}.Release|Any CPU.Build.0 = Release|Any CPU
	EndGlobalSection
	GlobalSection(SolutionProperties) = preSolution
		HideSolutionNode = FALSE
	EndGlobalSection
	GlobalSection(ExtensibilityGlobals) = postSolution
		SolutionGuid = {CD95CDE9-FC84-41EA-9CE2-556EDBCBF091}
	EndGlobalSection
EndGlobal
